{
  "version": "2",
  "remote": {
    "https://cdn.esm.sh/v78/@types/node/events.d.ts": "5b2d09e25ddbea05cb974eaf68f9898788834de901cca84237984769bf626ce0",
    "https://cdn.esm.sh/v78/@types/node/stream.d.ts": "a70f8e955a3185c1ff7b97e4a9a51e6b13b5727c82ddefa8950bb366c9336b3c",
    "https://cdn.esm.sh/v78/@types/node/stream/consumers.d.ts": "214dee5ac81ab01051fc67f5a00fa6e03e6d02ce01115548dee2864efa2add85",
    "https://cdn.esm.sh/v78/@types/node/stream/promises.d.ts": "4ecad8316f0a34696b3df0f2c8d449765f9109de32e0ed47e8e02393c43fd993",
    "https://cdn.esm.sh/v78/assert@2.0.0/esnext/assert.bundle.js": "075a8e518f26f3e167192733c49fc2e4a123e2dc696cabb08e7202d3d471439b",
    "https://cdn.esm.sh/v78/avsc@5.7.4/esnext/avsc.js": "754ba34a7919135b6506e4715b75e7abec7d259c95565fd23d2d88ec6de62818",
    "https://cdn.esm.sh/v78/avsc@5.7.4/types/index.d.ts": "7317f83a5438da49b59c7b5f7c4ee851a193045fcb85c4ed7ea496889163a6df",
    "https://cdn.esm.sh/v78/browserify-zlib@0.2.0/esnext/browserify-zlib.bundle.js": "8038e8d4edc3a209911a8a8f6f551724f6652ccd2d173d23206cce3524333223",
    "https://cdn.esm.sh/v78/crypto-browserify@3.12.0/esnext/crypto-browserify.bundle.js": "4c40d1222645e0615ea57d8f81bb16b7e0ae84f370b3f82a45931bce16a2c976",
    "https://cdn.esm.sh/v78/events@3.3.0/esnext/events.bundle.js": "d8ef6572ef8a63406aa36b5bfba27b7b6992670244abdda64e383a0f75081286",
    "https://cdn.esm.sh/v78/node.ns.d.ts": "0fb081f0cd2150931bd54baa04f31466abd9ca701fd9060d07931402cf8367ba",
    "https://cdn.esm.sh/v78/node_buffer.js": "445d389cb8c9f9fad5ff869ca2c2a863d178d410795ebd5f2f39d9a029156d56",
    "https://cdn.esm.sh/v78/node_process.js": "d49732e822235252a1bfd6b3a95eab4a7ce4dfe43ae6fcdedc069fe1b360100c",
    "https://cdn.esm.sh/v78/path-browserify@1.0.1/esnext/path-browserify.bundle.js": "6d588bfdaea5639d415a354fc665763b4c07e4fe20050e5408c15b112c67ff01",
    "https://cdn.esm.sh/v78/stream-browserify@3.0.0/esnext/stream-browserify.bundle.js": "e5269794d877ac48ca7909477e0179af7d58ec0f93ff5a2860e9d8acd95bb1b9",
    "https://cdn.esm.sh/v78/string_decoder@1.3.0/esnext/string_decoder.bundle.js": "054c4f26db3f49ef2412dcfe6ba83b734e33cf7448dfc8c092dced692ed9d94e",
    "https://cdn.esm.sh/v78/util@0.12.4/esnext/util.bundle.js": "052904d1f53048c855436fb538d589c24a1b526762ac0baeb77252e40a13cd96",
    "https://cdn.skypack.dev/-/fflate@v0.7.3-x0OS7MYd1pAJyCyfqyxe/dist=es2019,mode=imports,min/optimized/fflate.js": "e6b45602ca601ebf81b5ef639d34e645db3cbcf464a1c6c9289e2d2573453ac4",
    "https://cdn.skypack.dev/-/multiformats@v9.6.4-bngGnpuXOwWYE1xINOYg/dist=es2019,mode=imports/optimized/common/base-e562b07d.js": "cbe13ae4813c61134c55929f16da5099551beec39255ffb7d1ac4e6d3880ed9a",
    "https://cdn.skypack.dev/-/multiformats@v9.6.4-bngGnpuXOwWYE1xINOYg/dist=es2019,mode=imports/optimized/common/base10-40e17950.js": "4e0d17606c7651161025fbda659f8528e4ce615dec818e3b249699d582e86945",
    "https://cdn.skypack.dev/-/multiformats@v9.6.4-bngGnpuXOwWYE1xINOYg/dist=es2019,mode=imports/optimized/common/base16-f28e1898.js": "22c19fce8a8c5fbdd8374e85e828243946e4bc97759efff446d88b685a29817f",
    "https://cdn.skypack.dev/-/multiformats@v9.6.4-bngGnpuXOwWYE1xINOYg/dist=es2019,mode=imports/optimized/common/base32-f4597cac.js": "5addb9a00b510c02438355f365340218371f642a52bf853d24b65400db7310c3",
    "https://cdn.skypack.dev/-/multiformats@v9.6.4-bngGnpuXOwWYE1xINOYg/dist=es2019,mode=imports/optimized/common/base36-f12555b8.js": "a0b55f5d017a1e114773a429aa0c3a36ff4ba9bf0e70540cccf1153739ab82f1",
    "https://cdn.skypack.dev/-/multiformats@v9.6.4-bngGnpuXOwWYE1xINOYg/dist=es2019,mode=imports/optimized/common/base58-610e9713.js": "610b6461a90d746d09f9ef0c44da433f78719878ba889a9652f815dd5fa5a78a",
    "https://cdn.skypack.dev/-/multiformats@v9.6.4-bngGnpuXOwWYE1xINOYg/dist=es2019,mode=imports/optimized/common/base64-a017e42f.js": "53cd757571b95d8229fa2a6f96280312514164570d6bc683310b626c6f68a0ee",
    "https://cdn.skypack.dev/-/multiformats@v9.6.4-bngGnpuXOwWYE1xINOYg/dist=es2019,mode=imports/optimized/common/bytes-4c60c62e.js": "f692d7ee0374ce1f414d7d3d94f8c76d83ac3affdf91c240559272dfd516b8fc",
    "https://cdn.skypack.dev/-/multiformats@v9.6.4-bngGnpuXOwWYE1xINOYg/dist=es2019,mode=imports/optimized/multiformats/bases/base10.js": "57d3f87ac3e67d5ceec2a19b05d2ffdf41d6538283a62f74ee85d2454f841ab1",
    "https://cdn.skypack.dev/-/multiformats@v9.6.4-bngGnpuXOwWYE1xINOYg/dist=es2019,mode=imports/optimized/multiformats/bases/base16.js": "51f453d8e8a3d14b0412f723257a44de1320db6a515e6b462f35bb6946aae4c9",
    "https://cdn.skypack.dev/-/multiformats@v9.6.4-bngGnpuXOwWYE1xINOYg/dist=es2019,mode=imports/optimized/multiformats/bases/base32.js": "5638609ce5f6cd23f091db0de95d2b05aa8165140e4af1f97e451b9426c7d3e9",
    "https://cdn.skypack.dev/-/multiformats@v9.6.4-bngGnpuXOwWYE1xINOYg/dist=es2019,mode=imports/optimized/multiformats/bases/base36.js": "c9eb1389df2ef8f47207a831e5e780bdee86db5fc5947c1dda7790b234f0bc00",
    "https://cdn.skypack.dev/-/multiformats@v9.6.4-bngGnpuXOwWYE1xINOYg/dist=es2019,mode=imports/optimized/multiformats/bases/base58.js": "4e6114798a28f95e40c0594a3011a5234dde2d520fca1786963b681dfae7ef1f",
    "https://cdn.skypack.dev/-/multiformats@v9.6.4-bngGnpuXOwWYE1xINOYg/dist=es2019,mode=imports/optimized/multiformats/bases/base64.js": "58d3549126fabcfa9f150271717c6d2a2afc6cf023bf6675ca8990e904af4999",
    "https://cdn.skypack.dev/fflate?min": "b6b2efe0fc414cf33bd128e057381c5890b58a3cc10e2aab2cab39534fa5604e",
    "https://cdn.skypack.dev/multiformats@9.6.4/bases/base10": "f32eba12d257534241fe6e18bee31fce4a12601bd027000cd0733dff0bc67892",
    "https://cdn.skypack.dev/multiformats@9.6.4/bases/base16": "eacb64d67a5da697a9b757863f8048aa9096a5deb971e967d242b9af20233b87",
    "https://cdn.skypack.dev/multiformats@9.6.4/bases/base32": "6e3bdcabeef0ad4ce4362b5ac43cd63748fade784e008168e6ca28ac0cae7d67",
    "https://cdn.skypack.dev/multiformats@9.6.4/bases/base36": "27ff7c029cdb87da73daa92a55a3ea75a598585ebf69d13dacded2db77d800e4",
    "https://cdn.skypack.dev/multiformats@9.6.4/bases/base58": "e7c97f610e3a6fd42dc3ece20708e89a8a6d20b28e2da8cd4d0379871de4eb4e",
    "https://cdn.skypack.dev/multiformats@9.6.4/bases/base64": "7f7bd8a4f0fcfc24ed9c5d7aa4f876d441c370b259b41fc2a7ae743d42665c61",
    "https://deno.land/std@0.119.0/hash/sha256.ts": "bd85257c68d1fdd9da8457284c4fbb04efa9f4f2229b5f41a638d5b71a3a8d5c",
    "https://deno.land/std@0.128.0/_util/assert.ts": "e94f2eb37cebd7f199952e242c77654e43333c1ac4c5c700e929ea3aa5489f74",
    "https://deno.land/std@0.128.0/_util/os.ts": "49b92edea1e82ba295ec946de8ffd956ed123e2948d9bd1d3e901b04e4307617",
    "https://deno.land/std@0.128.0/async/deadline.ts": "48ac998d7564969f3e6ec6b6f9bf0217ebd00239b1b2292feba61272d5dd58d0",
    "https://deno.land/std@0.128.0/async/debounce.ts": "564273ef242bcfcda19a439132f940db8694173abffc159ea34f07d18fc42620",
    "https://deno.land/std@0.128.0/async/deferred.ts": "bc18e28108252c9f67dfca2bbc4587c3cbf3aeb6e155f8c864ca8ecff992b98a",
    "https://deno.land/std@0.128.0/async/delay.ts": "cbbdf1c87d1aed8edc7bae13592fb3e27e3106e0748f089c263390d4f49e5f6c",
    "https://deno.land/std@0.128.0/async/mod.ts": "a28709190a1966cb50e5815ef269bb588ee192373cde73b1096641820dc52a36",
    "https://deno.land/std@0.128.0/async/mux_async_iterator.ts": "f4d1d259b0c694d381770ddaaa4b799a94843eba80c17f4a2ec2949168e52d1e",
    "https://deno.land/std@0.128.0/async/pool.ts": "97b0dd27c69544e374df857a40902e74e39532f226005543eabacb551e277082",
    "https://deno.land/std@0.128.0/async/tee.ts": "1341feb1f5b1a96f8628d0f8fc07d8c43d3813423f18a63bf1b4785568d21b1f",
    "https://deno.land/std@0.128.0/bytes/bytes_list.ts": "67eb118e0b7891d2f389dad4add35856f4ad5faab46318ff99653456c23b025d",
    "https://deno.land/std@0.128.0/bytes/equals.ts": "fc16dff2090cced02497f16483de123dfa91e591029f985029193dfaa9d894c9",
    "https://deno.land/std@0.128.0/bytes/mod.ts": "d3b455c0dbd4804644159d1e25946ade5ee385d2359894de49e2c6101b18b7a9",
    "https://deno.land/std@0.128.0/datetime/formatter.ts": "7c8e6d16a0950f400aef41b9f1eb9168249869776ec520265dfda785d746589e",
    "https://deno.land/std@0.128.0/datetime/mod.ts": "27aae0c61818132e61f02bbce8418e938a974694dc08e791301e374cc00822c2",
    "https://deno.land/std@0.128.0/datetime/tokenizer.ts": "7381e28f6ab51cb504c7e132be31773d73ef2f3e1e50a812736962b9df1e8c47",
    "https://deno.land/std@0.128.0/encoding/base64.ts": "c8c16b4adaa60d7a8eee047c73ece26844435e8f7f1328d74593dbb2dd58ea4f",
    "https://deno.land/std@0.128.0/encoding/base64url.ts": "55f9d13df02efac10c6f96169daa3e702606a64e8aa27c0295f645f198c27130",
    "https://deno.land/std@0.128.0/fmt/colors.ts": "4575bb20edc666d3ae75fa9fac75f20e4cd423b280008094b05e423cc85047bb",
    "https://deno.land/std@0.128.0/fmt/printf.ts": "e2c0f72146aed1efecf0c39ab928b26ae493a2278f670a871a0fbdcf36ff3379",
    "https://deno.land/std@0.128.0/http/cookie.ts": "526f27762fad7bf84fbe491de7eba7c406057501eec6edcad7884a16b242fddf",
    "https://deno.land/std@0.128.0/http/http_status.ts": "71838ad33cb03ff2575f5e8fdea5f930979cdff8a81c11ade497f11d4c026019",
    "https://deno.land/std@0.128.0/http/mod.ts": "2e25375543325e9c5db84f818009d5f024a3cf7ee3d30d1b766bb1939d9a0ae8",
    "https://deno.land/std@0.128.0/http/server.ts": "10c3a7814666cdbabd6f9c18acdcc4593e222275a628280a4868881445fbb5bc",
    "https://deno.land/std@0.128.0/io/buffer.ts": "bd0c4bf53db4b4be916ca5963e454bddfd3fcd45039041ea161dbf826817822b",
    "https://deno.land/std@0.128.0/io/types.d.ts": "01f60ae7ec02675b5dbed150d258fc184a78dfe5c209ef53ba4422b46b58822c",
    "https://deno.land/std@0.128.0/node/_buffer.d.ts": "90f674081428a61978b6d481c5f557ff743a3f4a85d7ae113caab48fdf5b8a63",
    "https://deno.land/std@0.128.0/node/_buffer.mjs": "f4a7df481d4eed06dc0151b833177d8ef74fc3a96dd4d2b073e690b6ced9474d",
    "https://deno.land/std@0.128.0/node/_core.ts": "568d277be2e086af996cbdd599fec569f5280e9a494335ca23ad392b130d7bb9",
    "https://deno.land/std@0.128.0/node/_events.d.ts": "5b6d1a7931eb692d3b64018e7a3f57310284d3bf467aa2e6371c65bb626c1859",
    "https://deno.land/std@0.128.0/node/_events.mjs": "c0e3e0e290a8b81fee9d2973a529c8dcd5ebb4406782d1f91085274e2cb8490f",
    "https://deno.land/std@0.128.0/node/_fixed_queue.ts": "455b3c484de48e810b13bdf95cd1658ecb1ba6bcb8b9315ffe994efcde3ba5f5",
    "https://deno.land/std@0.128.0/node/_global.d.ts": "6dadaf8cec2a0c506b22170617286e0bdc80be53dd0673e67fc7dd37a1130c68",
    "https://deno.land/std@0.128.0/node/_next_tick.ts": "64c361f6bca21df2a72dd77b84bd49d80d97a694dd3080703bc78f52146351d1",
    "https://deno.land/std@0.128.0/node/_process/exiting.ts": "bc9694769139ffc596f962087155a8bfef10101d03423b9dcbc51ce6e1f88fce",
    "https://deno.land/std@0.128.0/node/_process/process.ts": "dfc4a4c49043613c2dbde04c1503c7a4c95f05d590d7236f2a9577e1e3d38672",
    "https://deno.land/std@0.128.0/node/_process/stdio.mjs": "971c3b086040d8521562155db13f22f9971d5c42c852b2081d4d2f0d8b6ab6bd",
    "https://deno.land/std@0.128.0/node/_stream.d.ts": "08fc67048c5b046fb4ccbdf1bc395a8bb01fb94897c2c66987c21c2b5cd924ff",
    "https://deno.land/std@0.128.0/node/_stream.mjs": "07f6cbabaad0382fb4b9a25e70ac3093a44022b859247f64726746e6373f1c91",
    "https://deno.land/std@0.128.0/node/_util/_util_callbackify.ts": "79928ad80df3e469f7dcdb198118a7436d18a9f6c08bd7a4382332ad25a718cf",
    "https://deno.land/std@0.128.0/node/_utils.ts": "c2c352e83c4c96f5ff994b1c8246bff2abcb21bfc3f1c06162cb3af1d201e615",
    "https://deno.land/std@0.128.0/node/buffer.ts": "fbecbf3f237fa49bec96e97ecf56a7b92d48037b3d11219288e68943cc921600",
    "https://deno.land/std@0.128.0/node/events.ts": "a1d40fc0dbccc944379ef968b80ea08f9fce579e88b5057fdb64e4f0812476dd",
    "https://deno.land/std@0.128.0/node/internal/blob.mjs": "52080b2f40b114203df67f8a6650f9fe3c653912b8b3ef2f31f029853df4db53",
    "https://deno.land/std@0.128.0/node/internal/buffer.mjs": "6662fe7fe517329453545be34cea27a24f8ccd6d09afd4f609f11ade2b6dfca7",
    "https://deno.land/std@0.128.0/node/internal/crypto/keys.ts": "16ce7b15a9fc5e4e3dee8fde75dae12f3d722558d5a1a6e65a9b4f86d64a21e9",
    "https://deno.land/std@0.128.0/node/internal/crypto/util.mjs": "1de55a47fdbed6721b467a77ba48fdd1550c10b5eee77bbdb602eaffee365a5e",
    "https://deno.land/std@0.128.0/node/internal/error_codes.ts": "ac03c4eae33de3a69d6c98e8678003207eecf75a6900eb847e3fea3c8c9e6d8f",
    "https://deno.land/std@0.128.0/node/internal/errors.ts": "0d3a1eb03b654beb29b8354759a6902f45a840d4f957e9a3c632a24ce4c32632",
    "https://deno.land/std@0.128.0/node/internal/hide_stack_frames.ts": "a91962ec84610bc7ec86022c4593cdf688156a5910c07b5bcd71994225c13a03",
    "https://deno.land/std@0.128.0/node/internal/normalize_encoding.mjs": "3779ec8a7adf5d963b0224f9b85d1bc974a2ec2db0e858396b5d3c2c92138a0a",
    "https://deno.land/std@0.128.0/node/internal/streams/_utils.ts": "77fceaa766679847e4d4c3c96b2573c00a790298d90551e8e4df1d5e0fdaad3b",
    "https://deno.land/std@0.128.0/node/internal/streams/add-abort-signal.mjs": "5623b83fa64d439cc4a1f09ae47ec1db29512cc03479389614d8f62a37902f5e",
    "https://deno.land/std@0.128.0/node/internal/streams/buffer_list.mjs": "c6a7b29204fae025ff5e9383332acaea5d44bc7c522a407a79b8f7a6bc6c312d",
    "https://deno.land/std@0.128.0/node/internal/streams/compose.mjs": "b522daab35a80ae62296012a4254fd7edfc0366080ffe63ddda4e38fe6b6803e",
    "https://deno.land/std@0.128.0/node/internal/streams/destroy.mjs": "9c9bbeb172a437041d529829f433df72cf0b63ae49f3ee6080a55ffbef7572ad",
    "https://deno.land/std@0.128.0/node/internal/streams/duplex.mjs": "b014087cd04f79b8a4028d8b9423b987e07bbfacf3b5df518cb752ac3657580f",
    "https://deno.land/std@0.128.0/node/internal/streams/end-of-stream.mjs": "38be76eaceac231dfde643e72bc0940625446bf6d1dbd995c91c5ba9fd59b338",
    "https://deno.land/std@0.128.0/node/internal/streams/from.mjs": "134255c698ed63b33199911eb8e042f8f67e9682409bb11552e6120041ed1872",
    "https://deno.land/std@0.128.0/node/internal/streams/legacy.mjs": "6ea28db95d4503447473e62f0b23ff473bfe1751223c33a3c5816652e93b257a",
    "https://deno.land/std@0.128.0/node/internal/streams/passthrough.mjs": "a51074193b959f3103d94de41e23a78dfcff532bdba53af9146b86340d85eded",
    "https://deno.land/std@0.128.0/node/internal/streams/pipeline.mjs": "9890b121759ede869174ef70c011fde964ca94d81f2ed97b8622d7cb17b49285",
    "https://deno.land/std@0.128.0/node/internal/streams/readable.mjs": "a70c41171ae25c556b52785b0c178328014bd33d8c0e4d229d4adaac7414b6ca",
    "https://deno.land/std@0.128.0/node/internal/streams/state.mjs": "9ef917392a9d8005a6e038260c5fd31518d2753aea0bc9e39824c199310434cb",
    "https://deno.land/std@0.128.0/node/internal/streams/transform.mjs": "3b361abad2ac78f7ccb6f305012bafdc0e983dfa4bb6ecddb4626e34a781a5f5",
    "https://deno.land/std@0.128.0/node/internal/streams/utils.mjs": "06c21d0db0d51f1bf1e3225a661c3c29909be80355d268e64ee5922fc5eb6c5e",
    "https://deno.land/std@0.128.0/node/internal/streams/writable.mjs": "ad4e2b176ffdf752c8e678ead3a514679a5a8d652f4acf797115dceb798744d5",
    "https://deno.land/std@0.128.0/node/internal/util.mjs": "684653b962fae84fd2bc08997291b1a50bed09b95dcfa7d35e3c4143163e879a",
    "https://deno.land/std@0.128.0/node/internal/util/comparisons.ts": "680b55fe8bdf1613633bc469fa0440f43162c76dbe36af9aa2966310e1bb9f6e",
    "https://deno.land/std@0.128.0/node/internal/util/debuglog.ts": "99e91bdf26f6c67861031f684817e1705a5bc300e81346585b396f413387edfb",
    "https://deno.land/std@0.128.0/node/internal/util/inspect.mjs": "d1c2569c66a3dab45eec03208f22ad4351482527859c0011a28a6c797288a0aa",
    "https://deno.land/std@0.128.0/node/internal/util/types.ts": "b2dacb8f1f5d28a51c4da5c5b75172b7fcf694073ce95ca141323657e18b0c60",
    "https://deno.land/std@0.128.0/node/internal/validators.mjs": "a7e82eafb7deb85c332d5f8d9ffef052f46a42d4a121eada4a54232451acc49a",
    "https://deno.land/std@0.128.0/node/internal_binding/_libuv_winerror.ts": "801e05c2742ae6cd42a5f0fd555a255a7308a65732551e962e5345f55eedc519",
    "https://deno.land/std@0.128.0/node/internal_binding/_node.ts": "e4075ba8a37aef4eb5b592c8e3807c39cb49ca8653faf8e01a43421938076c1b",
    "https://deno.land/std@0.128.0/node/internal_binding/_utils.ts": "1c50883b5751a9ea1b38951e62ed63bacfdc9d69ea665292edfa28e1b1c5bd94",
    "https://deno.land/std@0.128.0/node/internal_binding/_winerror.ts": "8811d4be66f918c165370b619259c1f35e8c3e458b8539db64c704fbde0a7cd2",
    "https://deno.land/std@0.128.0/node/internal_binding/buffer.ts": "722c62b85f966e0777b2d98c021b60e75d7f2c2dabc43413ef37d60dbd13a5d9",
    "https://deno.land/std@0.128.0/node/internal_binding/constants.ts": "aff06aac49eda4234bd3a2b0b8e1fbfc67824e281c532ff9960831ab503014cc",
    "https://deno.land/std@0.128.0/node/internal_binding/string_decoder.ts": "5cb1863763d1e9b458bc21d6f976f16d9c18b3b3f57eaf0ade120aee38fba227",
    "https://deno.land/std@0.128.0/node/internal_binding/types.ts": "4c26fb74ba2e45de553c15014c916df6789529a93171e450d5afb016b4c765e7",
    "https://deno.land/std@0.128.0/node/internal_binding/util.ts": "90364292e2bd598ab5d105b48ca49817b6708f2d1d9cbaf08b2b3ab5ca4c90a7",
    "https://deno.land/std@0.128.0/node/internal_binding/uv.ts": "3821bc5e676d6955d68f581988c961d77dd28190aba5a9c59f16001a4deb34ba",
    "https://deno.land/std@0.128.0/node/stream.ts": "d127faa074a9e3886e4a01dcfe9f9a6a4b5641f76f6acc356e8ded7da5dc2c81",
    "https://deno.land/std@0.128.0/node/stream/promises.mjs": "b263c09f2d6bd715dc514fab3f99cca84f442e2d23e87adbe76e32ea46fc87e6",
    "https://deno.land/std@0.128.0/node/string_decoder.ts": "51ce85a173d2e36ac580d418bb48b804adb41732fc8bd85f7d5d27b7accbc61f",
    "https://deno.land/std@0.128.0/node/util.ts": "7fd6933b37af89a8e64d73dc6ee1732455a59e7e6d0965311fbd73cd634ea630",
    "https://deno.land/std@0.128.0/node/util/types.mjs": "f9288198cacd374b41bae7e92a23179d3160f4c0eaf14e19be3a4e7057219a60",
    "https://deno.land/std@0.128.0/streams/conversion.ts": "712585bfa0172a97fb68dd46e784ae8ad59d11b88079d6a4ab098ff42e697d21",
    "https://deno.land/std@0.128.0/testing/_diff.ts": "9d849cd6877694152e01775b2d93f9d6b7aef7e24bfe3bfafc4d7a1ac8e9f392",
    "https://deno.land/std@0.128.0/testing/asserts.ts": "5ddb5ad2517455795cfcd68195de8ea7f9339516d542c2239e427a080a04a5ea",
    "https://deno.land/std@0.137.0/collections/_comparators.ts": "bf94763e6e4f77e8dff509975eceeb7af4cbbe1cbc52df02d344bf3222fd46be",
    "https://deno.land/std@0.137.0/collections/bs_node.ts": "2b3f8bab9a2a17fbae7c1916af34c737ec7db511aa71cd21f4f34004df12f308",
    "https://deno.land/std@0.137.0/collections/bs_tree.ts": "d373948d3ad12a99f3f28d6046361042b574c157f8f6f53907ae9788b93b962d",
    "https://deno.land/std@0.137.0/collections/rb_node.ts": "6fef24e118ee6020824850015edaab35e78566dd0e122a1dacd6c288d4d5b2f7",
    "https://deno.land/std@0.137.0/collections/rb_tree.ts": "e2c7f240e291f2a776af3a781ef91f194c24028658f6ccee6c3a8b7c734b25e5",
    "https://deno.land/std@0.137.0/encoding/hex.ts": "7f023e1e51cfd6b189682e602e8640939e7be71a300a2fcf3daf8f84dc609bbc",
    "https://deno.land/std@0.137.0/hash/_sha3/keccak.ts": "e9abd585bddf5fe7a56bccd768868dbc0a8572ea1d61f3261df02f62bdeab5e0",
    "https://deno.land/std@0.137.0/hash/_sha3/keccakf.ts": "48080ba47b564a9f7cf642ac794acba3dd48aa0e60cd8cb02084ea6890a523cf",
    "https://deno.land/std@0.137.0/hash/_sha3/sha3.ts": "3cec1b78b0fe39838c734045d1b95201273dca31c716a6576d264d1a0811ab9f",
    "https://deno.land/std@0.137.0/hash/_sha3/shake.ts": "6dec46784ee3e74192eb1b9a4204a7bd4fd915241ac1f195a85a9a338de33bc9",
    "https://deno.land/std@0.137.0/hash/_sha3/sponge.ts": "80b5c8628d8dc274ef6642965be19d74b264dd3eb7602207049382ddc29f7d8b",
    "https://deno.land/std@0.137.0/hash/sha256.ts": "803846c7a5a8a5a97f31defeb37d72f519086c880837129934f5d6f72102a8e8",
    "https://deno.land/std@0.137.0/hash/sha3.ts": "96c39329425d11f419004e15fbb0ad5bcb72dba986b81fc2338cf119f242193d",
    "https://deno.land/x/secp256k1@1.5.5/index.ts": "30e003b1172ebd13003e905495566d02b14fb5ce7e6591dbc3de1bb6c8fcaeaa",
    "https://deno.land/x/secp256k1@1.5.5/mod.ts": "2fd6d3101ee23a436fc882c8de1498a44ac7a40fcfc8b194bc64617e7efbdfab",
    "https://esm.sh/avsc@5.7.4?target=esnext&pin=v78": "f461b4a5fa1bfae7df48c955885ee77320d26e8dc1a37c861247d63d63a0723f",
    "https://esm.sh/avsc@5.7.4?target=esnext&pin=v99": "13a9f486c3e2b8a61183772b82df241a45e66ce136af8f2dd94cbe0cfff37de3",
    "https://esm.sh/v99/@types/node@16.18.3/buffer.d.ts": "bf067c617193ebf82c18c5df5d6cbc79f5f5f7f50d73f106e646f90983d54f9e",
    "https://esm.sh/v99/@types/node@16.18.3/crypto.d.ts": "cd660a883aa9ec6b42b0e1cc2edf96f787712eef608dccfefa63f05b39afe48b",
    "https://esm.sh/v99/@types/node@16.18.3/dns.d.ts": "af6f563c536b92573a74125e18ed9c98d09a5b78216a5bb6cba586f4d2073ab7",
    "https://esm.sh/v99/@types/node@16.18.3/dns/promises.d.ts": "133552787aaf595ffe0b21b23cc2cb379e5089e2e45847769bb0f30d8e4aed34",
    "https://esm.sh/v99/@types/node@16.18.3/events.d.ts": "5e3eb598ad8076bcf47be44ff0b955ac2a2bfbdcf2ea5fb4ef4f884ba2ee7fbe",
    "https://esm.sh/v99/@types/node@16.18.3/net.d.ts": "4b08dcfed537675a024ad339ff110dfab9eb5652f62c4eeebce5595e38d1b49b",
    "https://esm.sh/v99/@types/node@16.18.3/stream.d.ts": "aa3ec6ccbecdaeee663ecf5b8d3e314af67f6504dfbf7141c5dc03e8ba1812f6",
    "https://esm.sh/v99/@types/node@16.18.3/stream/consumers.d.ts": "f31f946a8afceaea071aafd11acaedbf4bb85cfcf01a754594548b71601d600e",
    "https://esm.sh/v99/@types/node@16.18.3/stream/promises.d.ts": "184c1dda3d4b88d4756129941af1fc252053edd495a6f779add4d9d289c59b7d",
    "https://esm.sh/v99/@types/node@16.18.3/stream/web.d.ts": "056e223a57c220d75559cf294aa901e6605eede1fa1594dc2bd612c7d4c0763f",
    "https://esm.sh/v99/@types/node@16.18.3/tls.d.ts": "73fc4146121c45b223923b93ef5a95162107f520a449fbcace75767e366dea96",
    "https://esm.sh/v99/assert@2.0.0/esnext/assert.bundle.js": "ef9ce6f1a130f4a5364022283711a732abc332edf144081cbeb42aab5399bf99",
    "https://esm.sh/v99/avsc@5.7.4/esnext/avsc.js": "c0ba4096bf325099dad953337a0507403781d94684a9e74efe083fe73870b4b6",
    "https://esm.sh/v99/avsc@5.7.4/types/index.d.ts": "e3a5bc151d71831769b229db1123891330637df31b72c2addec08b3a98a6d2a6",
    "https://esm.sh/v99/browserify-zlib@0.2.0/esnext/browserify-zlib.bundle.js": "f5db77cb2c30f41b38713744349dac6587d73e35a91921b524a3bf4dd8347ae8",
    "https://esm.sh/v99/crypto-browserify@3.12.0/esnext/crypto-browserify.bundle.js": "a11f6f40fcf1f74021f844e30f4b47c68f155edfdc27517a7514de1f19130a68",
    "https://esm.sh/v99/events@3.3.0/esnext/events.bundle.js": "859c6ab63665af69f4cc42a19e9bf055a3ca677b16f5e3f0fb19208ea38394c4",
    "https://esm.sh/v99/node.ns.d.ts": "0fb081f0cd2150931bd54baa04f31466abd9ca701fd9060d07931402cf8367ba",
    "https://esm.sh/v99/node_buffer.js": "445d389cb8c9f9fad5ff869ca2c2a863d178d410795ebd5f2f39d9a029156d56",
    "https://esm.sh/v99/node_events.js": "507b1d9405b8384264d683e0508416c4be85498e65d32d0fcf64d6d353a30151",
    "https://esm.sh/v99/node_process.js": "138682d1c2af338932526443b7513103b898a9460d3e461ee315d3a68060342a",
    "https://esm.sh/v99/path-browserify@1.0.1/esnext/path-browserify.bundle.js": "d4e5cbaa5bf813d960c5ac44f706813e523407d44991eeb917592b4fd4558dda",
    "https://esm.sh/v99/stream-browserify@3.0.0/esnext/stream-browserify.bundle.js": "3b4d1d96b9aeb7c05938486a1a6a4639d3b6993d268b98106630c80ae1f0177d",
    "https://esm.sh/v99/string_decoder@1.3.0/esnext/string_decoder.bundle.js": "2813595c4ed6e1a0a38cffa603c90b624025327862065ec116b3acc139deffc2",
    "https://esm.sh/v99/util@0.12.5/esnext/util.bundle.js": "3efa885567008b77b7b23c39f4d66559e513fb55fe40e6cbd8e76325cba33659"
  }
}
